
Microsoft Visual Studio Solution File, Format Version 12.00
# Visual Studio Version 17
VisualStudioVersion = 17.14.36212.18
MinimumVisualStudioVersion = 10.0.40219.1
Project("{FAE04EC0-301F-11D3-BF4B-00C04F79EFBC}") = "TP2P2", "TP2P2\TP2P2.csproj", "{30A49329-A81B-4424-8DDB-C81B0AD85300}"
EndProject
Project("{FAE04EC0-301F-11D3-BF4B-00C04F79EFBC}") = "TP2P2Tests", "TP2P2Tests\TP2P2Tests.csproj", "{CFFFD794-A343-4B53-885C-E702C2B6165B}"
EndProject
Global
	GlobalSection(SolutionConfigurationPlatforms) = preSolution
		Debug|ARM64 = Debug|ARM64
		Debug|x64 = Debug|x64
		Debug|x86 = Debug|x86
		Release|ARM64 = Release|ARM64
		Release|x64 = Release|x64
		Release|x86 = Release|x86
	EndGlobalSection
	GlobalSection(ProjectConfigurationPlatforms) = postSolution
		{30A49329-A81B-4424-8DDB-C81B0AD85300}.Debug|ARM64.ActiveCfg = Debug|ARM64
		{30A49329-A81B-4424-8DDB-C81B0AD85300}.Debug|ARM64.Build.0 = Debug|ARM64
		{30A49329-A81B-4424-8DDB-C81B0AD85300}.Debug|ARM64.Deploy.0 = Debug|ARM64
		{30A49329-A81B-4424-8DDB-C81B0AD85300}.Debug|x64.ActiveCfg = Debug|x64
		{30A49329-A81B-4424-8DDB-C81B0AD85300}.Debug|x64.Build.0 = Debug|x64
		{30A49329-A81B-4424-8DDB-C81B0AD85300}.Debug|x64.Deploy.0 = Debug|x64
		{30A49329-A81B-4424-8DDB-C81B0AD85300}.Debug|x86.ActiveCfg = Debug|x86
		{30A49329-A81B-4424-8DDB-C81B0AD85300}.Debug|x86.Build.0 = Debug|x86
		{30A49329-A81B-4424-8DDB-C81B0AD85300}.Debug|x86.Deploy.0 = Debug|x86
		{30A49329-A81B-4424-8DDB-C81B0AD85300}.Release|ARM64.ActiveCfg = Release|ARM64
		{30A49329-A81B-4424-8DDB-C81B0AD85300}.Release|ARM64.Build.0 = Release|ARM64
		{30A49329-A81B-4424-8DDB-C81B0AD85300}.Release|ARM64.Deploy.0 = Release|ARM64
		{30A49329-A81B-4424-8DDB-C81B0AD85300}.Release|x64.ActiveCfg = Release|x64
		{30A49329-A81B-4424-8DDB-C81B0AD85300}.Release|x64.Build.0 = Release|x64
		{30A49329-A81B-4424-8DDB-C81B0AD85300}.Release|x64.Deploy.0 = Release|x64
		{30A49329-A81B-4424-8DDB-C81B0AD85300}.Release|x86.ActiveCfg = Release|x86
		{30A49329-A81B-4424-8DDB-C81B0AD85300}.Release|x86.Build.0 = Release|x86
		{30A49329-A81B-4424-8DDB-C81B0AD85300}.Release|x86.Deploy.0 = Release|x86
		{CFFFD794-A343-4B53-885C-E702C2B6165B}.Debug|ARM64.ActiveCfg = Debug|Any CPU
		{CFFFD794-A343-4B53-885C-E702C2B6165B}.Debug|ARM64.Build.0 = Debug|Any CPU
		{CFFFD794-A343-4B53-885C-E702C2B6165B}.Debug|x64.ActiveCfg = Debug|Any CPU
		{CFFFD794-A343-4B53-885C-E702C2B6165B}.Debug|x64.Build.0 = Debug|Any CPU
		{CFFFD794-A343-4B53-885C-E702C2B6165B}.Debug|x86.ActiveCfg = Debug|Any CPU
		{CFFFD794-A343-4B53-885C-E702C2B6165B}.Debug|x86.Build.0 = Debug|Any CPU
		{CFFFD794-A343-4B53-885C-E702C2B6165B}.Release|ARM64.ActiveCfg = Release|Any CPU
		{CFFFD794-A343-4B53-885C-E702C2B6165B}.Release|ARM64.Build.0 = Release|Any CPU
		{CFFFD794-A343-4B53-885C-E702C2B6165B}.Release|x64.ActiveCfg = Release|Any CPU
		{CFFFD794-A343-4B53-885C-E702C2B6165B}.Release|x64.Build.0 = Release|Any CPU
		{CFFFD794-A343-4B53-885C-E702C2B6165B}.Release|x86.ActiveCfg = Release|Any CPU
		{CFFFD794-A343-4B53-885C-E702C2B6165B}.Release|x86.Build.0 = Release|Any CPU
	EndGlobalSection
	GlobalSection(SolutionProperties) = preSolution
		HideSolutionNode = FALSE
	EndGlobalSection
	GlobalSection(ExtensibilityGlobals) = postSolution
		SolutionGuid = {7B6C7E40-D9DB-480F-AEB4-EBE9B9713CE1}
	EndGlobalSection
EndGlobal
